name: "Update package-lock.json"
on:
  workflow_dispatch:
  schedule:
    - cron: '0 6 1 * *' # 1st day of each month at 06:00 UTC
  push:
    paths:
    - 'package.json'
    - '.github/workflows/update-package-lock.yml'


jobs:
  piplock:
    runs-on: ubuntu-latest
    steps:
    - uses: actions/checkout@v2
    - uses: actions/setup-node@v2
      with:
        node-version: 'lts/*'
    - run: npm install --package-lock
    - run: npm audit fix
    - uses: peter-evans/create-pull-request@v3
      with:
        title: "Update package-lock.json (dependencies)"
        branch: update-package-lock
        base: master
        commit-message: "[Bot] Update package-lock.json dependencies"
